
Microsoft Visual Studio Solution File, Format Version 12.00
# Visual Studio Version 16
VisualStudioVersion = 16.0.30204.135
MinimumVisualStudioVersion = 10.0.40219.1
Project("{9A19103F-16F7-4668-BE54-9A1E7A4F7556}") = "Idp", "Idp\Idp.csproj", "{6BEBF102-362E-488A-9BA6-0D527819B5B8}"
EndProject
Project("{9A19103F-16F7-4668-BE54-9A1E7A4F7556}") = "ConsoleClient", "ConsoleClient\ConsoleClient.csproj", "{6D167C28-DB3A-455F-92A5-528B07ED67E3}"
EndProject
Project("{FAE04EC0-301F-11D3-BF4B-00C04F79EFBC}") = "Api1Resource", "Api1Resource\Api1Resource.csproj", "{7FF3EC60-C2AB-491C-AC4A-2D13F961BE48}"
EndProject
Global
	GlobalSection(SolutionConfigurationPlatforms) = preSolution
		Debug|Any CPU = Debug|Any CPU
		Release|Any CPU = Release|Any CPU
	EndGlobalSection
	GlobalSection(ProjectConfigurationPlatforms) = postSolution
		{6BEBF102-362E-488A-9BA6-0D527819B5B8}.Debug|Any CPU.ActiveCfg = Debug|Any CPU
		{6BEBF102-362E-488A-9BA6-0D527819B5B8}.Debug|Any CPU.Build.0 = Debug|Any CPU
		{6BEBF102-362E-488A-9BA6-0D527819B5B8}.Release|Any CPU.ActiveCfg = Release|Any CPU
		{6BEBF102-362E-488A-9BA6-0D527819B5B8}.Release|Any CPU.Build.0 = Release|Any CPU
		{6D167C28-DB3A-455F-92A5-528B07ED67E3}.Debug|Any CPU.ActiveCfg = Debug|Any CPU
		{6D167C28-DB3A-455F-92A5-528B07ED67E3}.Debug|Any CPU.Build.0 = Debug|Any CPU
		{6D167C28-DB3A-455F-92A5-528B07ED67E3}.Release|Any CPU.ActiveCfg = Release|Any CPU
		{6D167C28-DB3A-455F-92A5-528B07ED67E3}.Release|Any CPU.Build.0 = Release|Any CPU
		{7FF3EC60-C2AB-491C-AC4A-2D13F961BE48}.Debug|Any CPU.ActiveCfg = Debug|Any CPU
		{7FF3EC60-C2AB-491C-AC4A-2D13F961BE48}.Debug|Any CPU.Build.0 = Debug|Any CPU
		{7FF3EC60-C2AB-491C-AC4A-2D13F961BE48}.Release|Any CPU.ActiveCfg = Release|Any CPU
		{7FF3EC60-C2AB-491C-AC4A-2D13F961BE48}.Release|Any CPU.Build.0 = Release|Any CPU
	EndGlobalSection
	GlobalSection(SolutionProperties) = preSolution
		HideSolutionNode = FALSE
	EndGlobalSection
	GlobalSection(ExtensibilityGlobals) = postSolution
		SolutionGuid = {A2D057CE-4574-4AFE-A8DF-281F8D763006}
	EndGlobalSection
EndGlobal
